
Microsoft Visual Studio Solution File, Format Version 12.00
# Visual Studio Version 17
VisualStudioVersion = 17.7.34031.279
MinimumVisualStudioVersion = 10.0.40219.1
Project("{FAE04EC0-301F-11D3-BF4B-00C04F79EFBC}") = "cs0517", "cs0517\cs0517.csproj", "{B46B8C96-0D09-4595-980E-9E7A9E858DD1}"
EndProject
Global
	GlobalSection(SolutionConfigurationPlatforms) = preSolution
		Debug|Any CPU = Debug|Any CPU
		Release|Any CPU = Release|Any CPU
	EndGlobalSection
	GlobalSection(ProjectConfigurationPlatforms) = postSolution
		{B46B8C96-0D09-4595-980E-9E7A9E858DD1}.Debug|Any CPU.ActiveCfg = Debug|Any CPU
		{B46B8C96-0D09-4595-980E-9E7A9E858DD1}.Debug|Any CPU.Build.0 = Debug|Any CPU
		{B46B8C96-0D09-4595-980E-9E7A9E858DD1}.Release|Any CPU.ActiveCfg = Release|Any CPU
		{B46B8C96-0D09-4595-980E-9E7A9E858DD1}.Release|Any CPU.Build.0 = Release|Any CPU
	EndGlobalSection
	GlobalSection(SolutionProperties) = preSolution
		HideSolutionNode = FALSE
	EndGlobalSection
	GlobalSection(ExtensibilityGlobals) = postSolution
		SolutionGuid = {0CCC3147-65C6-4858-8194-67ADD45B821D}
	EndGlobalSection
EndGlobal
